
Microsoft Visual Studio Solution File, Format Version 12.00
# Visual Studio Version 16
VisualStudioVersion = 16.0.29806.167
MinimumVisualStudioVersion = 10.0.40219.1
Project("{FAE04EC0-301F-11D3-BF4B-00C04F79EFBC}") = "Practice1", "Practice1\Practice1.csproj", "{0AF61A7C-59D4-40F6-93DA-67AA5645CFC6}"
EndProject
Global
	GlobalSection(SolutionConfigurationPlatforms) = preSolution
		Debug|Any CPU = Debug|Any CPU
		Release|Any CPU = Release|Any CPU
	EndGlobalSection
	GlobalSection(ProjectConfigurationPlatforms) = postSolution
		{0AF61A7C-59D4-40F6-93DA-67AA5645CFC6}.Debug|Any CPU.ActiveCfg = Debug|Any CPU
		{0AF61A7C-59D4-40F6-93DA-67AA5645CFC6}.Debug|Any CPU.Build.0 = Debug|Any CPU
		{0AF61A7C-59D4-40F6-93DA-67AA5645CFC6}.Release|Any CPU.ActiveCfg = Release|Any CPU
		{0AF61A7C-59D4-40F6-93DA-67AA5645CFC6}.Release|Any CPU.Build.0 = Release|Any CPU
	EndGlobalSection
	GlobalSection(SolutionProperties) = preSolution
		HideSolutionNode = FALSE
	EndGlobalSection
	GlobalSection(ExtensibilityGlobals) = postSolution
		SolutionGuid = {0604E8C7-C048-47ED-855F-553EC28852E0}
	EndGlobalSection
EndGlobal
